// !$*UTF8*$!
{
	archiveVersion = 1;
	classes = {
	};
	objectVersion = 50;
	objects = {

/* Begin PBXBuildFile section */
		1BF5BA8468F81CE09BA941DF /* libPods-RXEMark.a in Frameworks */ = {isa = PBXBuildFile; fileRef = ADB484BA40FB8B3FC9C69ECE /* libPods-RXEMark.a */; };
		23181182214BA1F000F84C0C /* UIImage+Extern.m in Sources */ = {isa = PBXBuildFile; fileRef = 23181181214BA1EF00F84C0C /* UIImage+Extern.m */; };
		231BE25421463DC80070BBB3 /* RXSplashVC.m in Sources */ = {isa = PBXBuildFile; fileRef = 231BE22821463DC80070BBB3 /* RXSplashVC.m */; };
		231BE25521463DC80070BBB3 /* RXHomeVC.m in Sources */ = {isa = PBXBuildFile; fileRef = 231BE22921463DC80070BBB3 /* RXHomeVC.m */; };
		231BE25621463DC80070BBB3 /* RXHomeCollectionViewCell.m in Sources */ = {isa = PBXBuildFile; fileRef = 231BE22C21463DC80070BBB3 /* RXHomeCollectionViewCell.m */; };
		231BE25721463DC90070BBB3 /* RXBillVC.m in Sources */ = {isa = PBXBuildFile; fileRef = 231BE22F21463DC80070BBB3 /* RXBillVC.m */; };
		231BE25821463DC90070BBB3 /* RXAlertVC.m in Sources */ = {isa = PBXBuildFile; fileRef = 231BE23221463DC80070BBB3 /* RXAlertVC.m */; };
		231BE25921463DC90070BBB3 /* RXBigDayVC.m in Sources */ = {isa = PBXBuildFile; fileRef = 231BE23621463DC80070BBB3 /* RXBigDayVC.m */; };
		231BE25A21463DC90070BBB3 /* RXDiaryVC.m in Sources */ = {isa = PBXBuildFile; fileRef = 231BE23A21463DC80070BBB3 /* RXDiaryVC.m */; };
		231BE25B21463DC90070BBB3 /* RXDiaryInfoModel.m in Sources */ = {isa = PBXBuildFile; fileRef = 231BE23D21463DC80070BBB3 /* RXDiaryInfoModel.m */; };
		231BE25C21463DC90070BBB3 /* RXDiaryTableViewCell.m in Sources */ = {isa = PBXBuildFile; fileRef = 231BE23F21463DC80070BBB3 /* RXDiaryTableViewCell.m */; };
		231BE25D21463DC90070BBB3 /* RXDiaryNoPicTableViewCell.m in Sources */ = {isa = PBXBuildFile; fileRef = 231BE24021463DC80070BBB3 /* RXDiaryNoPicTableViewCell.m */; };
		231BE25E21463DC90070BBB3 /* RXSettingVC.m in Sources */ = {isa = PBXBuildFile; fileRef = 231BE24521463DC80070BBB3 /* RXSettingVC.m */; };
		231BE25F21463DC90070BBB3 /* RXPlaceVC.m in Sources */ = {isa = PBXBuildFile; fileRef = 231BE24721463DC80070BBB3 /* RXPlaceVC.m */; };
		231BE26021463DC90070BBB3 /* RXVerticallyAlignedLabel.m in Sources */ = {isa = PBXBuildFile; fileRef = 231BE24A21463DC80070BBB3 /* RXVerticallyAlignedLabel.m */; };
		231BE26121463DC90070BBB3 /* RXBaseNavVC.m in Sources */ = {isa = PBXBuildFile; fileRef = 231BE24B21463DC80070BBB3 /* RXBaseNavVC.m */; };
		231BE26221463DC90070BBB3 /* RXAutoCoding.m in Sources */ = {isa = PBXBuildFile; fileRef = 231BE24C21463DC80070BBB3 /* RXAutoCoding.m */; };
		231BE26321463DC90070BBB3 /* RXBaseVC.m in Sources */ = {isa = PBXBuildFile; fileRef = 231BE24D21463DC80070BBB3 /* RXBaseVC.m */; };
		231BE26421463DC90070BBB3 /* EMTheme.m in Sources */ = {isa = PBXBuildFile; fileRef = 231BE24E21463DC80070BBB3 /* EMTheme.m */; };
		2321EA1621475040000BAE14 /* EMTips.m in Sources */ = {isa = PBXBuildFile; fileRef = 2321EA0A2147503F000BAE14 /* EMTips.m */; };
		2321EA1721475041000BAE14 /* EMLogoLoopView.m in Sources */ = {isa = PBXBuildFile; fileRef = 2321EA0C2147503F000BAE14 /* EMLogoLoopView.m */; };
		2321EA1821475041000BAE14 /* EMProgressLoopView.m in Sources */ = {isa = PBXBuildFile; fileRef = 2321EA0D2147503F000BAE14 /* EMProgressLoopView.m */; };
		2321EA1921475041000BAE14 /* EMTipsView.m in Sources */ = {isa = PBXBuildFile; fileRef = 2321EA0E21475040000BAE14 /* EMTipsView.m */; };
		2321EA1A21475041000BAE14 /* EMTipsInfo.m in Sources */ = {isa = PBXBuildFile; fileRef = 2321EA1221475040000BAE14 /* EMTipsInfo.m */; };
		2321EA1B21475041000BAE14 /* UIView+EMTips.m in Sources */ = {isa = PBXBuildFile; fileRef = 2321EA1521475040000BAE14 /* UIView+EMTips.m */; };
		2321EA262147506B000BAE14 /* GKImageCropViewController.m in Sources */ = {isa = PBXBuildFile; fileRef = 2321EA1E2147506A000BAE14 /* GKImageCropViewController.m */; };
		2321EA272147506B000BAE14 /* FSMediaPicker.m in Sources */ = {isa = PBXBuildFile; fileRef = 2321EA1F2147506A000BAE14 /* FSMediaPicker.m */; };
		2321EA282147506B000BAE14 /* GKCropBorderView.m in Sources */ = {isa = PBXBuildFile; fileRef = 2321EA222147506B000BAE14 /* GKCropBorderView.m */; };
		2321EA292147506B000BAE14 /* GKImageCropView.m in Sources */ = {isa = PBXBuildFile; fileRef = 2321EA232147506B000BAE14 /* GKImageCropView.m */; };
		2321EA2A2147506B000BAE14 /* GKImageCropOverlayView.m in Sources */ = {isa = PBXBuildFile; fileRef = 2321EA242147506B000BAE14 /* GKImageCropOverlayView.m */; };
		2321EA3521475910000BAE14 /* RXDiaryManager.m in Sources */ = {isa = PBXBuildFile; fileRef = 2321EA3421475910000BAE14 /* RXDiaryManager.m */; };
		2321EA3B21475AB7000BAE14 /* RXDiaryInfo.m in Sources */ = {isa = PBXBuildFile; fileRef = 2321EA3A21475AB7000BAE14 /* RXDiaryInfo.m */; };
		2321EA3E21475BDA000BAE14 /* RXBaseDataProvider.m in Sources */ = {isa = PBXBuildFile; fileRef = 2321EA3D21475BDA000BAE14 /* RXBaseDataProvider.m */; };
		2321EA4121475F80000BAE14 /* RXBaseDataBaseProvider.m in Sources */ = {isa = PBXBuildFile; fileRef = 2321EA4021475F80000BAE14 /* RXBaseDataBaseProvider.m */; };
		2321EA4421476063000BAE14 /* RXDataBase.m in Sources */ = {isa = PBXBuildFile; fileRef = 2321EA4321476063000BAE14 /* RXDataBase.m */; };
		2321EA47214796F3000BAE14 /* RXBaseDataBaseCommonProvider.m in Sources */ = {isa = PBXBuildFile; fileRef = 2321EA46214796F3000BAE14 /* RXBaseDataBaseCommonProvider.m */; };
		2321EA4B21479834000BAE14 /* RXFileUtil.m in Sources */ = {isa = PBXBuildFile; fileRef = 2321EA4A21479834000BAE14 /* RXFileUtil.m */; };
		2325BEF2214F49DB004563D0 /* RXMaskView.m in Sources */ = {isa = PBXBuildFile; fileRef = 2325BEF1214F49DB004563D0 /* RXMaskView.m */; };
		233ACC5E21703CBB00BA675B /* RXDiaryEditVC.m in Sources */ = {isa = PBXBuildFile; fileRef = 233ACC5D21703CBB00BA675B /* RXDiaryEditVC.m */; };
		233ACC6121703D6E00BA675B /* RXPublishDiaryVC.m in Sources */ = {isa = PBXBuildFile; fileRef = 233ACC6021703D6E00BA675B /* RXPublishDiaryVC.m */; };
		237797992148EDE5000A4879 /* RXBaseHandler.m in Sources */ = {isa = PBXBuildFile; fileRef = 237797982148EDE5000A4879 /* RXBaseHandler.m */; };
		2377979C2148F69A000A4879 /* EMQueueDef.m in Sources */ = {isa = PBXBuildFile; fileRef = 2377979A2148F699000A4879 /* EMQueueDef.m */; };
		2377979F2148F865000A4879 /* RXDiaryHandler.m in Sources */ = {isa = PBXBuildFile; fileRef = 2377979E2148F865000A4879 /* RXDiaryHandler.m */; };
		237797A2214904F7000A4879 /* RXResult.m in Sources */ = {isa = PBXBuildFile; fileRef = 237797A1214904F7000A4879 /* RXResult.m */; };
		23992D9A214B4C0A0007A0F2 /* RXDiaryDataProvider.m in Sources */ = {isa = PBXBuildFile; fileRef = 23992D99214B4C0A0007A0F2 /* RXDiaryDataProvider.m */; };
		23E1BEBF217426DF00DFA383 /* RXPlaceHolderTextView.m in Sources */ = {isa = PBXBuildFile; fileRef = 23E1BEBE217426DF00DFA383 /* RXPlaceHolderTextView.m */; };
		B2AB4D872111F6780061A8DB /* AppDelegate.m in Sources */ = {isa = PBXBuildFile; fileRef = B2AB4D862111F6780061A8DB /* AppDelegate.m */; };
		B2AB4D8D2111F6780061A8DB /* Main.storyboard in Resources */ = {isa = PBXBuildFile; fileRef = B2AB4D8B2111F6780061A8DB /* Main.storyboard */; };
		B2AB4D8F2111F67A0061A8DB /* Assets.xcassets in Resources */ = {isa = PBXBuildFile; fileRef = B2AB4D8E2111F67A0061A8DB /* Assets.xcassets */; };
		B2AB4D922111F67A0061A8DB /* LaunchScreen.storyboard in Resources */ = {isa = PBXBuildFile; fileRef = B2AB4D902111F67A0061A8DB /* LaunchScreen.storyboard */; };
		B2AB4D952111F67A0061A8DB /* main.m in Sources */ = {isa = PBXBuildFile; fileRef = B2AB4D942111F67A0061A8DB /* main.m */; };
		B2B7355C212B094C00E04951 /* Localizable.strings in Resources */ = {isa = PBXBuildFile; fileRef = B2B7355E212B094C00E04951 /* Localizable.strings */; };
/* End PBXBuildFile section */

/* Begin PBXFileReference section */
		23181180214BA1EF00F84C0C /* UIImage+Extern.h */ = {isa = PBXFileReference; lastKnownFileType = sourcecode.c.h; path = "UIImage+Extern.h"; sourceTree = "<group>"; };
		23181181214BA1EF00F84C0C /* UIImage+Extern.m */ = {isa = PBXFileReference; lastKnownFileType = sourcecode.c.objc; path = "UIImage+Extern.m"; sourceTree = "<group>"; };
		231BE22721463DC80070BBB3 /* RXHomeVC.h */ = {isa = PBXFileReference; fileEncoding = 4; lastKnownFileType = sourcecode.c.h; path = RXHomeVC.h; sourceTree = "<group>"; };
		231BE22821463DC80070BBB3 /* RXSplashVC.m */ = {isa = PBXFileReference; fileEncoding = 4; lastKnownFileType = sourcecode.c.objc; path = RXSplashVC.m; sourceTree = "<group>"; };
		231BE22921463DC80070BBB3 /* RXHomeVC.m */ = {isa = PBXFileReference; fileEncoding = 4; lastKnownFileType = sourcecode.c.objc; path = RXHomeVC.m; sourceTree = "<group>"; };
		231BE22B21463DC80070BBB3 /* RXHomeCollectionViewCell.h */ = {isa = PBXFileReference; fileEncoding = 4; lastKnownFileType = sourcecode.c.h; path = RXHomeCollectionViewCell.h; sourceTree = "<group>"; };
		231BE22C21463DC80070BBB3 /* RXHomeCollectionViewCell.m */ = {isa = PBXFileReference; fileEncoding = 4; lastKnownFileType = sourcecode.c.objc; path = RXHomeCollectionViewCell.m; sourceTree = "<group>"; };
		231BE22D21463DC80070BBB3 /* RXSplashVC.h */ = {isa = PBXFileReference; fileEncoding = 4; lastKnownFileType = sourcecode.c.h; path = RXSplashVC.h; sourceTree = "<group>"; };
		231BE22F21463DC80070BBB3 /* RXBillVC.m */ = {isa = PBXFileReference; fileEncoding = 4; lastKnownFileType = sourcecode.c.objc; path = RXBillVC.m; sourceTree = "<group>"; };
		231BE23021463DC80070BBB3 /* RXBillVC.h */ = {isa = PBXFileReference; fileEncoding = 4; lastKnownFileType = sourcecode.c.h; path = RXBillVC.h; sourceTree = "<group>"; };
		231BE23221463DC80070BBB3 /* RXAlertVC.m */ = {isa = PBXFileReference; fileEncoding = 4; lastKnownFileType = sourcecode.c.objc; path = RXAlertVC.m; sourceTree = "<group>"; };
		231BE23321463DC80070BBB3 /* RXAlertVC.h */ = {isa = PBXFileReference; fileEncoding = 4; lastKnownFileType = sourcecode.c.h; path = RXAlertVC.h; sourceTree = "<group>"; };
		231BE23521463DC80070BBB3 /* RXBigDayVC.h */ = {isa = PBXFileReference; fileEncoding = 4; lastKnownFileType = sourcecode.c.h; path = RXBigDayVC.h; sourceTree = "<group>"; };
		231BE23621463DC80070BBB3 /* RXBigDayVC.m */ = {isa = PBXFileReference; fileEncoding = 4; lastKnownFileType = sourcecode.c.objc; path = RXBigDayVC.m; sourceTree = "<group>"; };
		231BE23921463DC80070BBB3 /* RXDiaryVC.h */ = {isa = PBXFileReference; fileEncoding = 4; lastKnownFileType = sourcecode.c.h; path = RXDiaryVC.h; sourceTree = "<group>"; };
		231BE23A21463DC80070BBB3 /* RXDiaryVC.m */ = {isa = PBXFileReference; fileEncoding = 4; lastKnownFileType = sourcecode.c.objc; path = RXDiaryVC.m; sourceTree = "<group>"; };
		231BE23C21463DC80070BBB3 /* RXDiaryInfoModel.h */ = {isa = PBXFileReference; fileEncoding = 4; lastKnownFileType = sourcecode.c.h; path = RXDiaryInfoModel.h; sourceTree = "<group>"; };
		231BE23D21463DC80070BBB3 /* RXDiaryInfoModel.m */ = {isa = PBXFileReference; fileEncoding = 4; lastKnownFileType = sourcecode.c.objc; path = RXDiaryInfoModel.m; sourceTree = "<group>"; };
		231BE23F21463DC80070BBB3 /* RXDiaryTableViewCell.m */ = {isa = PBXFileReference; fileEncoding = 4; lastKnownFileType = sourcecode.c.objc; path = RXDiaryTableViewCell.m; sourceTree = "<group>"; };
		231BE24021463DC80070BBB3 /* RXDiaryNoPicTableViewCell.m */ = {isa = PBXFileReference; fileEncoding = 4; lastKnownFileType = sourcecode.c.objc; path = RXDiaryNoPicTableViewCell.m; sourceTree = "<group>"; };
		231BE24121463DC80070BBB3 /* RXDiaryTableViewCell.h */ = {isa = PBXFileReference; fileEncoding = 4; lastKnownFileType = sourcecode.c.h; path = RXDiaryTableViewCell.h; sourceTree = "<group>"; };
		231BE24221463DC80070BBB3 /* RXDiaryNoPicTableViewCell.h */ = {isa = PBXFileReference; fileEncoding = 4; lastKnownFileType = sourcecode.c.h; path = RXDiaryNoPicTableViewCell.h; sourceTree = "<group>"; };
		231BE24421463DC80070BBB3 /* RXSettingVC.h */ = {isa = PBXFileReference; fileEncoding = 4; lastKnownFileType = sourcecode.c.h; path = RXSettingVC.h; sourceTree = "<group>"; };
		231BE24521463DC80070BBB3 /* RXSettingVC.m */ = {isa = PBXFileReference; fileEncoding = 4; lastKnownFileType = sourcecode.c.objc; path = RXSettingVC.m; sourceTree = "<group>"; };
		231BE24721463DC80070BBB3 /* RXPlaceVC.m */ = {isa = PBXFileReference; fileEncoding = 4; lastKnownFileType = sourcecode.c.objc; path = RXPlaceVC.m; sourceTree = "<group>"; };
		231BE24821463DC80070BBB3 /* RXPlaceVC.h */ = {isa = PBXFileReference; fileEncoding = 4; lastKnownFileType = sourcecode.c.h; path = RXPlaceVC.h; sourceTree = "<group>"; };
		231BE24A21463DC80070BBB3 /* RXVerticallyAlignedLabel.m */ = {isa = PBXFileReference; fileEncoding = 4; lastKnownFileType = sourcecode.c.objc; path = RXVerticallyAlignedLabel.m; sourceTree = "<group>"; };
		231BE24B21463DC80070BBB3 /* RXBaseNavVC.m */ = {isa = PBXFileReference; fileEncoding = 4; lastKnownFileType = sourcecode.c.objc; path = RXBaseNavVC.m; sourceTree = "<group>"; };
		231BE24C21463DC80070BBB3 /* RXAutoCoding.m */ = {isa = PBXFileReference; fileEncoding = 4; lastKnownFileType = sourcecode.c.objc; path = RXAutoCoding.m; sourceTree = "<group>"; };
		231BE24D21463DC80070BBB3 /* RXBaseVC.m */ = {isa = PBXFileReference; fileEncoding = 4; lastKnownFileType = sourcecode.c.objc; path = RXBaseVC.m; sourceTree = "<group>"; };
		231BE24E21463DC80070BBB3 /* EMTheme.m */ = {isa = PBXFileReference; fileEncoding = 4; lastKnownFileType = sourcecode.c.objc; path = EMTheme.m; sourceTree = "<group>"; };
		231BE24F21463DC80070BBB3 /* RXVerticallyAlignedLabel.h */ = {isa = PBXFileReference; fileEncoding = 4; lastKnownFileType = sourcecode.c.h; path = RXVerticallyAlignedLabel.h; sourceTree = "<group>"; };
		231BE25021463DC80070BBB3 /* RXBaseNavVC.h */ = {isa = PBXFileReference; fileEncoding = 4; lastKnownFileType = sourcecode.c.h; path = RXBaseNavVC.h; sourceTree = "<group>"; };
		231BE25121463DC80070BBB3 /* RXAutoCoding.h */ = {isa = PBXFileReference; fileEncoding = 4; lastKnownFileType = sourcecode.c.h; path = RXAutoCoding.h; sourceTree = "<group>"; };
		231BE25221463DC80070BBB3 /* RXBaseVC.h */ = {isa = PBXFileReference; fileEncoding = 4; lastKnownFileType = sourcecode.c.h; path = RXBaseVC.h; sourceTree = "<group>"; };
		231BE25321463DC80070BBB3 /* EMTheme.h */ = {isa = PBXFileReference; fileEncoding = 4; lastKnownFileType = sourcecode.c.h; path = EMTheme.h; sourceTree = "<group>"; };
		2321EA0A2147503F000BAE14 /* EMTips.m */ = {isa = PBXFileReference; fileEncoding = 4; lastKnownFileType = sourcecode.c.objc; path = EMTips.m; sourceTree = "<group>"; };
		2321EA0B2147503F000BAE14 /* EMProgressLoopView.h */ = {isa = PBXFileReference; fileEncoding = 4; lastKnownFileType = sourcecode.c.h; path = EMProgressLoopView.h; sourceTree = "<group>"; };
		2321EA0C2147503F000BAE14 /* EMLogoLoopView.m */ = {isa = PBXFileReference; fileEncoding = 4; lastKnownFileType = sourcecode.c.objc; path = EMLogoLoopView.m; sourceTree = "<group>"; };
		2321EA0D2147503F000BAE14 /* EMProgressLoopView.m */ = {isa = PBXFileReference; fileEncoding = 4; lastKnownFileType = sourcecode.c.objc; path = EMProgressLoopView.m; sourceTree = "<group>"; };
		2321EA0E21475040000BAE14 /* EMTipsView.m */ = {isa = PBXFileReference; fileEncoding = 4; lastKnownFileType = sourcecode.c.objc; path = EMTipsView.m; sourceTree = "<group>"; };
		2321EA0F21475040000BAE14 /* EMLogoLoopView.h */ = {isa = PBXFileReference; fileEncoding = 4; lastKnownFileType = sourcecode.c.h; path = EMLogoLoopView.h; sourceTree = "<group>"; };
		2321EA1021475040000BAE14 /* EMTipsInfo.h */ = {isa = PBXFileReference; fileEncoding = 4; lastKnownFileType = sourcecode.c.h; path = EMTipsInfo.h; sourceTree = "<group>"; };
		2321EA1121475040000BAE14 /* UIView+EMTips.h */ = {isa = PBXFileReference; fileEncoding = 4; lastKnownFileType = sourcecode.c.h; path = "UIView+EMTips.h"; sourceTree = "<group>"; };
		2321EA1221475040000BAE14 /* EMTipsInfo.m */ = {isa = PBXFileReference; fileEncoding = 4; lastKnownFileType = sourcecode.c.objc; path = EMTipsInfo.m; sourceTree = "<group>"; };
		2321EA1321475040000BAE14 /* EMTips.h */ = {isa = PBXFileReference; fileEncoding = 4; lastKnownFileType = sourcecode.c.h; path = EMTips.h; sourceTree = "<group>"; };
		2321EA1421475040000BAE14 /* EMTipsView.h */ = {isa = PBXFileReference; fileEncoding = 4; lastKnownFileType = sourcecode.c.h; path = EMTipsView.h; sourceTree = "<group>"; };
		2321EA1521475040000BAE14 /* UIView+EMTips.m */ = {isa = PBXFileReference; fileEncoding = 4; lastKnownFileType = sourcecode.c.objc; path = "UIView+EMTips.m"; sourceTree = "<group>"; };
		2321EA1C2147506A000BAE14 /* GKImageCropViewController.h */ = {isa = PBXFileReference; fileEncoding = 4; lastKnownFileType = sourcecode.c.h; path = GKImageCropViewController.h; sourceTree = "<group>"; };
		2321EA1D2147506A000BAE14 /* GKImageCropView.h */ = {isa = PBXFileReference; fileEncoding = 4; lastKnownFileType = sourcecode.c.h; path = GKImageCropView.h; sourceTree = "<group>"; };
		2321EA1E2147506A000BAE14 /* GKImageCropViewController.m */ = {isa = PBXFileReference; fileEncoding = 4; lastKnownFileType = sourcecode.c.objc; path = GKImageCropViewController.m; sourceTree = "<group>"; };
		2321EA1F2147506A000BAE14 /* FSMediaPicker.m */ = {isa = PBXFileReference; fileEncoding = 4; lastKnownFileType = sourcecode.c.objc; path = FSMediaPicker.m; sourceTree = "<group>"; };
		2321EA202147506B000BAE14 /* GKCropBorderView.h */ = {isa = PBXFileReference; fileEncoding = 4; lastKnownFileType = sourcecode.c.h; path = GKCropBorderView.h; sourceTree = "<group>"; };
		2321EA212147506B000BAE14 /* FSMediaPicker.h */ = {isa = PBXFileReference; fileEncoding = 4; lastKnownFileType = sourcecode.c.h; path = FSMediaPicker.h; sourceTree = "<group>"; };
		2321EA222147506B000BAE14 /* GKCropBorderView.m */ = {isa = PBXFileReference; fileEncoding = 4; lastKnownFileType = sourcecode.c.objc; path = GKCropBorderView.m; sourceTree = "<group>"; };
		2321EA232147506B000BAE14 /* GKImageCropView.m */ = {isa = PBXFileReference; fileEncoding = 4; lastKnownFileType = sourcecode.c.objc; path = GKImageCropView.m; sourceTree = "<group>"; };
		2321EA242147506B000BAE14 /* GKImageCropOverlayView.m */ = {isa = PBXFileReference; fileEncoding = 4; lastKnownFileType = sourcecode.c.objc; path = GKImageCropOverlayView.m; sourceTree = "<group>"; };
		2321EA252147506B000BAE14 /* GKImageCropOverlayView.h */ = {isa = PBXFileReference; fileEncoding = 4; lastKnownFileType = sourcecode.c.h; path = GKImageCropOverlayView.h; sourceTree = "<group>"; };
		2321EA3321475910000BAE14 /* RXDiaryManager.h */ = {isa = PBXFileReference; lastKnownFileType = sourcecode.c.h; path = RXDiaryManager.h; sourceTree = "<group>"; };
		2321EA3421475910000BAE14 /* RXDiaryManager.m */ = {isa = PBXFileReference; lastKnownFileType = sourcecode.c.objc; path = RXDiaryManager.m; sourceTree = "<group>"; };
		2321EA3921475AB7000BAE14 /* RXDiaryInfo.h */ = {isa = PBXFileReference; lastKnownFileType = sourcecode.c.h; path = RXDiaryInfo.h; sourceTree = "<group>"; };
		2321EA3A21475AB7000BAE14 /* RXDiaryInfo.m */ = {isa = PBXFileReference; lastKnownFileType = sourcecode.c.objc; path = RXDiaryInfo.m; sourceTree = "<group>"; };
		2321EA3C21475BDA000BAE14 /* RXBaseDataProvider.h */ = {isa = PBXFileReference; lastKnownFileType = sourcecode.c.h; path = RXBaseDataProvider.h; sourceTree = "<group>"; };
		2321EA3D21475BDA000BAE14 /* RXBaseDataProvider.m */ = {isa = PBXFileReference; lastKnownFileType = sourcecode.c.objc; path = RXBaseDataProvider.m; sourceTree = "<group>"; };
		2321EA3F21475F80000BAE14 /* RXBaseDataBaseProvider.h */ = {isa = PBXFileReference; lastKnownFileType = sourcecode.c.h; path = RXBaseDataBaseProvider.h; sourceTree = "<group>"; };
		2321EA4021475F80000BAE14 /* RXBaseDataBaseProvider.m */ = {isa = PBXFileReference; lastKnownFileType = sourcecode.c.objc; path = RXBaseDataBaseProvider.m; sourceTree = "<group>"; };
		2321EA4221476063000BAE14 /* RXDataBase.h */ = {isa = PBXFileReference; lastKnownFileType = sourcecode.c.h; path = RXDataBase.h; sourceTree = "<group>"; };
		2321EA4321476063000BAE14 /* RXDataBase.m */ = {isa = PBXFileReference; lastKnownFileType = sourcecode.c.objc; path = RXDataBase.m; sourceTree = "<group>"; };
		2321EA45214796F3000BAE14 /* RXBaseDataBaseCommonProvider.h */ = {isa = PBXFileReference; lastKnownFileType = sourcecode.c.h; path = RXBaseDataBaseCommonProvider.h; sourceTree = "<group>"; };
		2321EA46214796F3000BAE14 /* RXBaseDataBaseCommonProvider.m */ = {isa = PBXFileReference; lastKnownFileType = sourcecode.c.objc; path = RXBaseDataBaseCommonProvider.m; sourceTree = "<group>"; };
		2321EA4921479834000BAE14 /* RXFileUtil.h */ = {isa = PBXFileReference; lastKnownFileType = sourcecode.c.h; path = RXFileUtil.h; sourceTree = "<group>"; };
		2321EA4A21479834000BAE14 /* RXFileUtil.m */ = {isa = PBXFileReference; lastKnownFileType = sourcecode.c.objc; path = RXFileUtil.m; sourceTree = "<group>"; };
		2325BEF0214F49DB004563D0 /* RXMaskView.h */ = {isa = PBXFileReference; lastKnownFileType = sourcecode.c.h; path = RXMaskView.h; sourceTree = "<group>"; };
		2325BEF1214F49DB004563D0 /* RXMaskView.m */ = {isa = PBXFileReference; lastKnownFileType = sourcecode.c.objc; path = RXMaskView.m; sourceTree = "<group>"; };
		233ACC5C21703CBB00BA675B /* RXDiaryEditVC.h */ = {isa = PBXFileReference; lastKnownFileType = sourcecode.c.h; path = RXDiaryEditVC.h; sourceTree = "<group>"; };
		233ACC5D21703CBB00BA675B /* RXDiaryEditVC.m */ = {isa = PBXFileReference; lastKnownFileType = sourcecode.c.objc; path = RXDiaryEditVC.m; sourceTree = "<group>"; };
		233ACC5F21703D6E00BA675B /* RXPublishDiaryVC.h */ = {isa = PBXFileReference; lastKnownFileType = sourcecode.c.h; path = RXPublishDiaryVC.h; sourceTree = "<group>"; };
		233ACC6021703D6E00BA675B /* RXPublishDiaryVC.m */ = {isa = PBXFileReference; lastKnownFileType = sourcecode.c.objc; path = RXPublishDiaryVC.m; sourceTree = "<group>"; };
		237797972148EDE5000A4879 /* RXBaseHandler.h */ = {isa = PBXFileReference; lastKnownFileType = sourcecode.c.h; path = RXBaseHandler.h; sourceTree = "<group>"; };
		237797982148EDE5000A4879 /* RXBaseHandler.m */ = {isa = PBXFileReference; lastKnownFileType = sourcecode.c.objc; path = RXBaseHandler.m; sourceTree = "<group>"; };
		2377979A2148F699000A4879 /* EMQueueDef.m */ = {isa = PBXFileReference; fileEncoding = 4; lastKnownFileType = sourcecode.c.objc; path = EMQueueDef.m; sourceTree = "<group>"; };
		2377979B2148F69A000A4879 /* EMQueueDef.h */ = {isa = PBXFileReference; fileEncoding = 4; lastKnownFileType = sourcecode.c.h; path = EMQueueDef.h; sourceTree = "<group>"; };
		2377979D2148F865000A4879 /* RXDiaryHandler.h */ = {isa = PBXFileReference; lastKnownFileType = sourcecode.c.h; path = RXDiaryHandler.h; sourceTree = "<group>"; };
		2377979E2148F865000A4879 /* RXDiaryHandler.m */ = {isa = PBXFileReference; lastKnownFileType = sourcecode.c.objc; path = RXDiaryHandler.m; sourceTree = "<group>"; };
		237797A0214904F7000A4879 /* RXResult.h */ = {isa = PBXFileReference; lastKnownFileType = sourcecode.c.h; path = RXResult.h; sourceTree = "<group>"; };
		237797A1214904F7000A4879 /* RXResult.m */ = {isa = PBXFileReference; lastKnownFileType = sourcecode.c.objc; path = RXResult.m; sourceTree = "<group>"; };
		23992D98214B4C0A0007A0F2 /* RXDiaryDataProvider.h */ = {isa = PBXFileReference; lastKnownFileType = sourcecode.c.h; path = RXDiaryDataProvider.h; sourceTree = "<group>"; };
		23992D99214B4C0A0007A0F2 /* RXDiaryDataProvider.m */ = {isa = PBXFileReference; lastKnownFileType = sourcecode.c.objc; path = RXDiaryDataProvider.m; sourceTree = "<group>"; };
		23E1BEBD217426DF00DFA383 /* RXPlaceHolderTextView.h */ = {isa = PBXFileReference; lastKnownFileType = sourcecode.c.h; path = RXPlaceHolderTextView.h; sourceTree = "<group>"; };
		23E1BEBE217426DF00DFA383 /* RXPlaceHolderTextView.m */ = {isa = PBXFileReference; lastKnownFileType = sourcecode.c.objc; path = RXPlaceHolderTextView.m; sourceTree = "<group>"; };
		6D597A5917A0774BD88F6BC7 /* Pods-RXEMark.debug.xcconfig */ = {isa = PBXFileReference; includeInIndex = 1; lastKnownFileType = text.xcconfig; name = "Pods-RXEMark.debug.xcconfig"; path = "Pods/Target Support Files/Pods-RXEMark/Pods-RXEMark.debug.xcconfig"; sourceTree = "<group>"; };
		93605CC12A5C82B67B3A44B9 /* Pods-RXEMark.release.xcconfig */ = {isa = PBXFileReference; includeInIndex = 1; lastKnownFileType = text.xcconfig; name = "Pods-RXEMark.release.xcconfig"; path = "Pods/Target Support Files/Pods-RXEMark/Pods-RXEMark.release.xcconfig"; sourceTree = "<group>"; };
		ADB484BA40FB8B3FC9C69ECE /* libPods-RXEMark.a */ = {isa = PBXFileReference; explicitFileType = archive.ar; includeInIndex = 0; path = "libPods-RXEMark.a"; sourceTree = BUILT_PRODUCTS_DIR; };
		B27FAF10212AF71D00089300 /* zh-Hans */ = {isa = PBXFileReference; lastKnownFileType = text.plist.strings; name = "zh-Hans"; path = "zh-Hans.lproj/Main.strings"; sourceTree = "<group>"; };
		B27FAF11212AF71D00089300 /* zh-Hans */ = {isa = PBXFileReference; lastKnownFileType = text.plist.strings; name = "zh-Hans"; path = "zh-Hans.lproj/LaunchScreen.strings"; sourceTree = "<group>"; };
		B2AB4D822111F6780061A8DB /* RXEMark.app */ = {isa = PBXFileReference; explicitFileType = wrapper.application; includeInIndex = 0; path = RXEMark.app; sourceTree = BUILT_PRODUCTS_DIR; };
		B2AB4D852111F6780061A8DB /* AppDelegate.h */ = {isa = PBXFileReference; lastKnownFileType = sourcecode.c.h; path = AppDelegate.h; sourceTree = "<group>"; };
		B2AB4D862111F6780061A8DB /* AppDelegate.m */ = {isa = PBXFileReference; lastKnownFileType = sourcecode.c.objc; path = AppDelegate.m; sourceTree = "<group>"; };
		B2AB4D8C2111F6780061A8DB /* Base */ = {isa = PBXFileReference; lastKnownFileType = file.storyboard; name = Base; path = Base.lproj/Main.storyboard; sourceTree = "<group>"; };
		B2AB4D8E2111F67A0061A8DB /* Assets.xcassets */ = {isa = PBXFileReference; lastKnownFileType = folder.assetcatalog; path = Assets.xcassets; sourceTree = "<group>"; };
		B2AB4D912111F67A0061A8DB /* Base */ = {isa = PBXFileReference; lastKnownFileType = file.storyboard; name = Base; path = Base.lproj/LaunchScreen.storyboard; sourceTree = "<group>"; };
		B2AB4D932111F67A0061A8DB /* Info.plist */ = {isa = PBXFileReference; lastKnownFileType = text.plist.xml; path = Info.plist; sourceTree = "<group>"; };
		B2AB4D942111F67A0061A8DB /* main.m */ = {isa = PBXFileReference; lastKnownFileType = sourcecode.c.objc; path = main.m; sourceTree = "<group>"; };
		B2B7355D212B094C00E04951 /* en */ = {isa = PBXFileReference; lastKnownFileType = text.plist.strings; name = en; path = en.lproj/Localizable.strings; sourceTree = "<group>"; };
		B2B7355F212B094E00E04951 /* zh-Hans */ = {isa = PBXFileReference; lastKnownFileType = text.plist.strings; name = "zh-Hans"; path = "zh-Hans.lproj/Localizable.strings"; sourceTree = "<group>"; };
/* End PBXFileReference section */

/* Begin PBXFrameworksBuildPhase section */
		B2AB4D7F2111F6780061A8DB /* Frameworks */ = {
			isa = PBXFrameworksBuildPhase;
			buildActionMask = 2147483647;
			files = (
				1BF5BA8468F81CE09BA941DF /* libPods-RXEMark.a in Frameworks */,
			);
			runOnlyForDeploymentPostprocessing = 0;
		};
/* End PBXFrameworksBuildPhase section */

/* Begin PBXGroup section */
		2318117F214BA1D000F84C0C /* Category */ = {
			isa = PBXGroup;
			children = (
				23181180214BA1EF00F84C0C /* UIImage+Extern.h */,
				23181181214BA1EF00F84C0C /* UIImage+Extern.m */,
				23E1BEBD217426DF00DFA383 /* RXPlaceHolderTextView.h */,
				23E1BEBE217426DF00DFA383 /* RXPlaceHolderTextView.m */,
			);
			path = Category;
			sourceTree = "<group>";
		};
		231BE22521463DC80070BBB3 /* Classes */ = {
			isa = PBXGroup;
			children = (
				2318117F214BA1D000F84C0C /* Category */,
				2321EA482147979D000BAE14 /* Util */,
				2321EA0521474F4F000BAE14 /* EMKit */,
				231BE26521463DF70070BBB3 /* Other */,
				231BE22621463DC80070BBB3 /* Home */,
				231BE22E21463DC80070BBB3 /* Bill */,
				231BE23121463DC80070BBB3 /* Alert */,
				231BE23421463DC80070BBB3 /* BigDay */,
				231BE23821463DC80070BBB3 /* Diary */,
				231BE24321463DC80070BBB3 /* Setting */,
				231BE24621463DC80070BBB3 /* Place */,
				231BE24921463DC80070BBB3 /* Base */,
			);
			path = Classes;
			sourceTree = "<group>";
		};
		231BE22621463DC80070BBB3 /* Home */ = {
			isa = PBXGroup;
			children = (
				231BE22721463DC80070BBB3 /* RXHomeVC.h */,
				231BE22921463DC80070BBB3 /* RXHomeVC.m */,
				231BE22D21463DC80070BBB3 /* RXSplashVC.h */,
				231BE22821463DC80070BBB3 /* RXSplashVC.m */,
				231BE22A21463DC80070BBB3 /* View */,
			);
			path = Home;
			sourceTree = "<group>";
		};
		231BE22A21463DC80070BBB3 /* View */ = {
			isa = PBXGroup;
			children = (
				231BE22B21463DC80070BBB3 /* RXHomeCollectionViewCell.h */,
				231BE22C21463DC80070BBB3 /* RXHomeCollectionViewCell.m */,
			);
			path = View;
			sourceTree = "<group>";
		};
		231BE22E21463DC80070BBB3 /* Bill */ = {
			isa = PBXGroup;
			children = (
				231BE23021463DC80070BBB3 /* RXBillVC.h */,
				231BE22F21463DC80070BBB3 /* RXBillVC.m */,
			);
			path = Bill;
			sourceTree = "<group>";
		};
		231BE23121463DC80070BBB3 /* Alert */ = {
			isa = PBXGroup;
			children = (
				231BE23321463DC80070BBB3 /* RXAlertVC.h */,
				231BE23221463DC80070BBB3 /* RXAlertVC.m */,
			);
			path = Alert;
			sourceTree = "<group>";
		};
		231BE23421463DC80070BBB3 /* BigDay */ = {
			isa = PBXGroup;
			children = (
				231BE23521463DC80070BBB3 /* RXBigDayVC.h */,
				231BE23621463DC80070BBB3 /* RXBigDayVC.m */,
			);
			path = BigDay;
			sourceTree = "<group>";
		};
		231BE23821463DC80070BBB3 /* Diary */ = {
			isa = PBXGroup;
			children = (
				233ACC5F21703D6E00BA675B /* RXPublishDiaryVC.h */,
				233ACC6021703D6E00BA675B /* RXPublishDiaryVC.m */,
				233ACC5C21703CBB00BA675B /* RXDiaryEditVC.h */,
				233ACC5D21703CBB00BA675B /* RXDiaryEditVC.m */,
				231BE23921463DC80070BBB3 /* RXDiaryVC.h */,
				231BE23A21463DC80070BBB3 /* RXDiaryVC.m */,
				231BE23B21463DC80070BBB3 /* Model */,
				231BE23E21463DC80070BBB3 /* View */,
			);
			path = Diary;
			sourceTree = "<group>";
		};
		231BE23B21463DC80070BBB3 /* Model */ = {
			isa = PBXGroup;
			children = (
				2321EA30214758E1000BAE14 /* Bean */,
				2321EA32214758E1000BAE14 /* DataProvider */,
				2321EA2F214758E1000BAE14 /* Handler */,
				2321EA31214758E1000BAE14 /* Manager */,
				231BE23C21463DC80070BBB3 /* RXDiaryInfoModel.h */,
				231BE23D21463DC80070BBB3 /* RXDiaryInfoModel.m */,
			);
			path = Model;
			sourceTree = "<group>";
		};
		231BE23E21463DC80070BBB3 /* View */ = {
			isa = PBXGroup;
			children = (
				231BE24121463DC80070BBB3 /* RXDiaryTableViewCell.h */,
				231BE23F21463DC80070BBB3 /* RXDiaryTableViewCell.m */,
				231BE24221463DC80070BBB3 /* RXDiaryNoPicTableViewCell.h */,
				231BE24021463DC80070BBB3 /* RXDiaryNoPicTableViewCell.m */,
			);
			path = View;
			sourceTree = "<group>";
		};
		231BE24321463DC80070BBB3 /* Setting */ = {
			isa = PBXGroup;
			children = (
				231BE24421463DC80070BBB3 /* RXSettingVC.h */,
				231BE24521463DC80070BBB3 /* RXSettingVC.m */,
			);
			path = Setting;
			sourceTree = "<group>";
		};
		231BE24621463DC80070BBB3 /* Place */ = {
			isa = PBXGroup;
			children = (
				231BE24821463DC80070BBB3 /* RXPlaceVC.h */,
				231BE24721463DC80070BBB3 /* RXPlaceVC.m */,
			);
			path = Place;
			sourceTree = "<group>";
		};
		231BE24921463DC80070BBB3 /* Base */ = {
			isa = PBXGroup;
			children = (
				2377979B2148F69A000A4879 /* EMQueueDef.h */,
				2377979A2148F699000A4879 /* EMQueueDef.m */,
				231BE24F21463DC80070BBB3 /* RXVerticallyAlignedLabel.h */,
				231BE24A21463DC80070BBB3 /* RXVerticallyAlignedLabel.m */,
				231BE25021463DC80070BBB3 /* RXBaseNavVC.h */,
				231BE24B21463DC80070BBB3 /* RXBaseNavVC.m */,
				231BE25121463DC80070BBB3 /* RXAutoCoding.h */,
				231BE24C21463DC80070BBB3 /* RXAutoCoding.m */,
				231BE25221463DC80070BBB3 /* RXBaseVC.h */,
				231BE24D21463DC80070BBB3 /* RXBaseVC.m */,
				231BE25321463DC80070BBB3 /* EMTheme.h */,
				231BE24E21463DC80070BBB3 /* EMTheme.m */,
				2321EA3C21475BDA000BAE14 /* RXBaseDataProvider.h */,
				2321EA3D21475BDA000BAE14 /* RXBaseDataProvider.m */,
				2321EA3F21475F80000BAE14 /* RXBaseDataBaseProvider.h */,
				2321EA4021475F80000BAE14 /* RXBaseDataBaseProvider.m */,
				2321EA45214796F3000BAE14 /* RXBaseDataBaseCommonProvider.h */,
				2321EA46214796F3000BAE14 /* RXBaseDataBaseCommonProvider.m */,
				2321EA4221476063000BAE14 /* RXDataBase.h */,
				2321EA4321476063000BAE14 /* RXDataBase.m */,
				237797972148EDE5000A4879 /* RXBaseHandler.h */,
				237797982148EDE5000A4879 /* RXBaseHandler.m */,
				237797A0214904F7000A4879 /* RXResult.h */,
				237797A1214904F7000A4879 /* RXResult.m */,
				2325BEF0214F49DB004563D0 /* RXMaskView.h */,
				2325BEF1214F49DB004563D0 /* RXMaskView.m */,
			);
			path = Base;
			sourceTree = "<group>";
		};
		231BE26521463DF70070BBB3 /* Other */ = {
			isa = PBXGroup;
			children = (
				B2AB4D852111F6780061A8DB /* AppDelegate.h */,
				B2AB4D862111F6780061A8DB /* AppDelegate.m */,
			);
			path = Other;
			sourceTree = "<group>";
		};
		2321EA0521474F4F000BAE14 /* EMKit */ = {
			isa = PBXGroup;
			children = (
				2321EA0821474FE4000BAE14 /* EMImagePicker */,
				2321EA0921474FE4000BAE14 /* EMTips */,
			);
			path = EMKit;
			sourceTree = "<group>";
		};
		2321EA0821474FE4000BAE14 /* EMImagePicker */ = {
			isa = PBXGroup;
			children = (
				2321EA212147506B000BAE14 /* FSMediaPicker.h */,
				2321EA1F2147506A000BAE14 /* FSMediaPicker.m */,
				2321EA202147506B000BAE14 /* GKCropBorderView.h */,
				2321EA222147506B000BAE14 /* GKCropBorderView.m */,
				2321EA252147506B000BAE14 /* GKImageCropOverlayView.h */,
				2321EA242147506B000BAE14 /* GKImageCropOverlayView.m */,
				2321EA1D2147506A000BAE14 /* GKImageCropView.h */,
				2321EA232147506B000BAE14 /* GKImageCropView.m */,
				2321EA1C2147506A000BAE14 /* GKImageCropViewController.h */,
				2321EA1E2147506A000BAE14 /* GKImageCropViewController.m */,
			);
			path = EMImagePicker;
			sourceTree = "<group>";
		};
		2321EA0921474FE4000BAE14 /* EMTips */ = {
			isa = PBXGroup;
			children = (
				2321EA0F21475040000BAE14 /* EMLogoLoopView.h */,
				2321EA0C2147503F000BAE14 /* EMLogoLoopView.m */,
				2321EA0B2147503F000BAE14 /* EMProgressLoopView.h */,
				2321EA0D2147503F000BAE14 /* EMProgressLoopView.m */,
				2321EA1321475040000BAE14 /* EMTips.h */,
				2321EA0A2147503F000BAE14 /* EMTips.m */,
				2321EA1021475040000BAE14 /* EMTipsInfo.h */,
				2321EA1221475040000BAE14 /* EMTipsInfo.m */,
				2321EA1421475040000BAE14 /* EMTipsView.h */,
				2321EA0E21475040000BAE14 /* EMTipsView.m */,
				2321EA1121475040000BAE14 /* UIView+EMTips.h */,
				2321EA1521475040000BAE14 /* UIView+EMTips.m */,
			);
			path = EMTips;
			sourceTree = "<group>";
		};
		2321EA2F214758E1000BAE14 /* Handler */ = {
			isa = PBXGroup;
			children = (
				2377979D2148F865000A4879 /* RXDiaryHandler.h */,
				2377979E2148F865000A4879 /* RXDiaryHandler.m */,
			);
			path = Handler;
			sourceTree = "<group>";
		};
		2321EA30214758E1000BAE14 /* Bean */ = {
			isa = PBXGroup;
			children = (
				2321EA3921475AB7000BAE14 /* RXDiaryInfo.h */,
				2321EA3A21475AB7000BAE14 /* RXDiaryInfo.m */,
			);
			path = Bean;
			sourceTree = "<group>";
		};
		2321EA31214758E1000BAE14 /* Manager */ = {
			isa = PBXGroup;
			children = (
				2321EA3321475910000BAE14 /* RXDiaryManager.h */,
				2321EA3421475910000BAE14 /* RXDiaryManager.m */,
			);
			path = Manager;
			sourceTree = "<group>";
		};
		2321EA32214758E1000BAE14 /* DataProvider */ = {
			isa = PBXGroup;
			children = (
				23992D98214B4C0A0007A0F2 /* RXDiaryDataProvider.h */,
				23992D99214B4C0A0007A0F2 /* RXDiaryDataProvider.m */,
			);
			path = DataProvider;
			sourceTree = "<group>";
		};
		2321EA482147979D000BAE14 /* Util */ = {
			isa = PBXGroup;
			children = (
				2321EA4921479834000BAE14 /* RXFileUtil.h */,
				2321EA4A21479834000BAE14 /* RXFileUtil.m */,
			);
			path = Util;
			sourceTree = "<group>";
		};
		A863354988A6425C00D5C1DD /* Frameworks */ = {
			isa = PBXGroup;
			children = (
				ADB484BA40FB8B3FC9C69ECE /* libPods-RXEMark.a */,
			);
			name = Frameworks;
			sourceTree = "<group>";
		};
		B2AB4D792111F6780061A8DB = {
			isa = PBXGroup;
			children = (
				B2AB4D842111F6780061A8DB /* RXEMark */,
				B2AB4D832111F6780061A8DB /* Products */,
				B81BD3925998474CFB427177 /* Pods */,
				A863354988A6425C00D5C1DD /* Frameworks */,
			);
			sourceTree = "<group>";
		};
		B2AB4D832111F6780061A8DB /* Products */ = {
			isa = PBXGroup;
			children = (
				B2AB4D822111F6780061A8DB /* RXEMark.app */,
			);
			name = Products;
			sourceTree = "<group>";
		};
		B2AB4D842111F6780061A8DB /* RXEMark */ = {
			isa = PBXGroup;
			children = (
				231BE22521463DC80070BBB3 /* Classes */,
				B2AB4D932111F67A0061A8DB /* Info.plist */,
				B2AB4D8E2111F67A0061A8DB /* Assets.xcassets */,
				B2AB4D8B2111F6780061A8DB /* Main.storyboard */,
				B2AB4D902111F67A0061A8DB /* LaunchScreen.storyboard */,
				B2B7355E212B094C00E04951 /* Localizable.strings */,
				B2AB4D942111F67A0061A8DB /* main.m */,
			);
			path = RXEMark;
			sourceTree = "<group>";
		};
		B81BD3925998474CFB427177 /* Pods */ = {
			isa = PBXGroup;
			children = (
				6D597A5917A0774BD88F6BC7 /* Pods-RXEMark.debug.xcconfig */,
				93605CC12A5C82B67B3A44B9 /* Pods-RXEMark.release.xcconfig */,
			);
			name = Pods;
			sourceTree = "<group>";
		};
/* End PBXGroup section */

/* Begin PBXNativeTarget section */
		B2AB4D812111F6780061A8DB /* RXEMark */ = {
			isa = PBXNativeTarget;
			buildConfigurationList = B2AB4D982111F67A0061A8DB /* Build configuration list for PBXNativeTarget "RXEMark" */;
			buildPhases = (
				03C4D142A727DFAF6829058D /* [CP] Check Pods Manifest.lock */,
				B2AB4D7E2111F6780061A8DB /* Sources */,
				B2AB4D7F2111F6780061A8DB /* Frameworks */,
				B2AB4D802111F6780061A8DB /* Resources */,
				BE36747333C2385703CA7A72 /* [CP] Copy Pods Resources */,
			);
			buildRules = (
			);
			dependencies = (
			);
			name = RXEMark;
			productName = RXEMark;
			productReference = B2AB4D822111F6780061A8DB /* RXEMark.app */;
			productType = "com.apple.product-type.application";
		};
/* End PBXNativeTarget section */

/* Begin PBXProject section */
		B2AB4D7A2111F6780061A8DB /* Project object */ = {
			isa = PBXProject;
			attributes = {
				LastUpgradeCheck = 0940;
				ORGANIZATIONNAME = pingan;
				TargetAttributes = {
					B2AB4D812111F6780061A8DB = {
						CreatedOnToolsVersion = 9.4.1;
					};
				};
			};
			buildConfigurationList = B2AB4D7D2111F6780061A8DB /* Build configuration list for PBXProject "RXEMark" */;
			compatibilityVersion = "Xcode 9.3";
			developmentRegion = en;
			hasScannedForEncodings = 0;
			knownRegions = (
				en,
				Base,
				"zh-Hans",
			);
			mainGroup = B2AB4D792111F6780061A8DB;
			productRefGroup = B2AB4D832111F6780061A8DB /* Products */;
			projectDirPath = "";
			projectRoot = "";
			targets = (
				B2AB4D812111F6780061A8DB /* RXEMark */,
			);
		};
/* End PBXProject section */

/* Begin PBXResourcesBuildPhase section */
		B2AB4D802111F6780061A8DB /* Resources */ = {
			isa = PBXResourcesBuildPhase;
			buildActionMask = 2147483647;
			files = (
				B2AB4D922111F67A0061A8DB /* LaunchScreen.storyboard in Resources */,
				B2AB4D8F2111F67A0061A8DB /* Assets.xcassets in Resources */,
				B2B7355C212B094C00E04951 /* Localizable.strings in Resources */,
				B2AB4D8D2111F6780061A8DB /* Main.storyboard in Resources */,
			);
			runOnlyForDeploymentPostprocessing = 0;
		};
/* End PBXResourcesBuildPhase section */

/* Begin PBXShellScriptBuildPhase section */
		03C4D142A727DFAF6829058D /* [CP] Check Pods Manifest.lock */ = {
			isa = PBXShellScriptBuildPhase;
			buildActionMask = 2147483647;
			files = (
			);
			inputPaths = (
				"${PODS_PODFILE_DIR_PATH}/Podfile.lock",
				"${PODS_ROOT}/Manifest.lock",
			);
			name = "[CP] Check Pods Manifest.lock";
			outputPaths = (
				"$(DERIVED_FILE_DIR)/Pods-RXEMark-checkManifestLockResult.txt",
			);
			runOnlyForDeploymentPostprocessing = 0;
			shellPath = /bin/sh;
			shellScript = "diff \"${PODS_PODFILE_DIR_PATH}/Podfile.lock\" \"${PODS_ROOT}/Manifest.lock\" > /dev/null\nif [ $? != 0 ] ; then\n    # print error to STDERR\n    echo \"error: The sandbox is not in sync with the Podfile.lock. Run 'pod install' or update your CocoaPods installation.\" >&2\n    exit 1\nfi\n# This output is used by Xcode 'outputs' to avoid re-running this script phase.\necho \"SUCCESS\" > \"${SCRIPT_OUTPUT_FILE_0}\"\n";
			showEnvVarsInLog = 0;
		};
		BE36747333C2385703CA7A72 /* [CP] Copy Pods Resources */ = {
			isa = PBXShellScriptBuildPhase;
			buildActionMask = 2147483647;
			files = (
			);
			inputPaths = (
				"${SRCROOT}/Pods/Target Support Files/Pods-RXEMark/Pods-RXEMark-resources.sh",
				"${PODS_ROOT}/MJRefresh/MJRefresh/MJRefresh.bundle",
			);
			name = "[CP] Copy Pods Resources";
			outputPaths = (
				"${TARGET_BUILD_DIR}/${UNLOCALIZED_RESOURCES_FOLDER_PATH}/MJRefresh.bundle",
			);
			runOnlyForDeploymentPostprocessing = 0;
			shellPath = /bin/sh;
			shellScript = "\"${SRCROOT}/Pods/Target Support Files/Pods-RXEMark/Pods-RXEMark-resources.sh\"\n";
			showEnvVarsInLog = 0;
		};
/* End PBXShellScriptBuildPhase section */

/* Begin PBXSourcesBuildPhase section */
		B2AB4D7E2111F6780061A8DB /* Sources */ = {
			isa = PBXSourcesBuildPhase;
			buildActionMask = 2147483647;
			files = (
				B2AB4D952111F67A0061A8DB /* main.m in Sources */,
				231BE25521463DC80070BBB3 /* RXHomeVC.m in Sources */,
				B2AB4D872111F6780061A8DB /* AppDelegate.m in Sources */,
				23E1BEBF217426DF00DFA383 /* RXPlaceHolderTextView.m in Sources */,
				231BE25821463DC90070BBB3 /* RXAlertVC.m in Sources */,
				2321EA282147506B000BAE14 /* GKCropBorderView.m in Sources */,
				2321EA1921475041000BAE14 /* EMTipsView.m in Sources */,
				231BE25A21463DC90070BBB3 /* RXDiaryVC.m in Sources */,
				23992D9A214B4C0A0007A0F2 /* RXDiaryDataProvider.m in Sources */,
				231BE26121463DC90070BBB3 /* RXBaseNavVC.m in Sources */,
				231BE25921463DC90070BBB3 /* RXBigDayVC.m in Sources */,
				2321EA3521475910000BAE14 /* RXDiaryManager.m in Sources */,
				2321EA1821475041000BAE14 /* EMProgressLoopView.m in Sources */,
				231BE25721463DC90070BBB3 /* RXBillVC.m in Sources */,
				231BE26221463DC90070BBB3 /* RXAutoCoding.m in Sources */,
				233ACC5E21703CBB00BA675B /* RXDiaryEditVC.m in Sources */,
				231BE26321463DC90070BBB3 /* RXBaseVC.m in Sources */,
				231BE25C21463DC90070BBB3 /* RXDiaryTableViewCell.m in Sources */,
				2325BEF2214F49DB004563D0 /* RXMaskView.m in Sources */,
				2321EA272147506B000BAE14 /* FSMediaPicker.m in Sources */,
				237797A2214904F7000A4879 /* RXResult.m in Sources */,
				2321EA1A21475041000BAE14 /* EMTipsInfo.m in Sources */,
				237797992148EDE5000A4879 /* RXBaseHandler.m in Sources */,
				2321EA4B21479834000BAE14 /* RXFileUtil.m in Sources */,
				2321EA1721475041000BAE14 /* EMLogoLoopView.m in Sources */,
				233ACC6121703D6E00BA675B /* RXPublishDiaryVC.m in Sources */,
				231BE25F21463DC90070BBB3 /* RXPlaceVC.m in Sources */,
				2377979C2148F69A000A4879 /* EMQueueDef.m in Sources */,
				2321EA262147506B000BAE14 /* GKImageCropViewController.m in Sources */,
				23181182214BA1F000F84C0C /* UIImage+Extern.m in Sources */,
				231BE25621463DC80070BBB3 /* RXHomeCollectionViewCell.m in Sources */,
				2321EA3E21475BDA000BAE14 /* RXBaseDataProvider.m in Sources */,
				2321EA4421476063000BAE14 /* RXDataBase.m in Sources */,
				231BE25B21463DC90070BBB3 /* RXDiaryInfoModel.m in Sources */,
				2321EA3B21475AB7000BAE14 /* RXDiaryInfo.m in Sources */,
				231BE26421463DC90070BBB3 /* EMTheme.m in Sources */,
				2321EA2A2147506B000BAE14 /* GKImageCropOverlayView.m in Sources */,
				2321EA47214796F3000BAE14 /* RXBaseDataBaseCommonProvider.m in Sources */,
				2377979F2148F865000A4879 /* RXDiaryHandler.m in Sources */,
				231BE25E21463DC90070BBB3 /* RXSettingVC.m in Sources */,
				2321EA1B21475041000BAE14 /* UIView+EMTips.m in Sources */,
				2321EA292147506B000BAE14 /* GKImageCropView.m in Sources */,
				231BE26021463DC90070BBB3 /* RXVerticallyAlignedLabel.m in Sources */,
				231BE25421463DC80070BBB3 /* RXSplashVC.m in Sources */,
				231BE25D21463DC90070BBB3 /* RXDiaryNoPicTableViewCell.m in Sources */,
				2321EA1621475040000BAE14 /* EMTips.m in Sources */,
				2321EA4121475F80000BAE14 /* RXBaseDataBaseProvider.m in Sources */,
			);
			runOnlyForDeploymentPostprocessing = 0;
		};
/* End PBXSourcesBuildPhase section */

/* Begin PBXVariantGroup section */
		B2AB4D8B2111F6780061A8DB /* Main.storyboard */ = {
			isa = PBXVariantGroup;
			children = (
				B2AB4D8C2111F6780061A8DB /* Base */,
				B27FAF10212AF71D00089300 /* zh-Hans */,
			);
			name = Main.storyboard;
			sourceTree = "<group>";
		};
		B2AB4D902111F67A0061A8DB /* LaunchScreen.storyboard */ = {
			isa = PBXVariantGroup;
			children = (
				B2AB4D912111F67A0061A8DB /* Base */,
				B27FAF11212AF71D00089300 /* zh-Hans */,
			);
			name = LaunchScreen.storyboard;
			sourceTree = "<group>";
		};
		B2B7355E212B094C00E04951 /* Localizable.strings */ = {
			isa = PBXVariantGroup;
			children = (
				B2B7355D212B094C00E04951 /* en */,
				B2B7355F212B094E00E04951 /* zh-Hans */,
			);
			name = Localizable.strings;
			sourceTree = "<group>";
		};
/* End PBXVariantGroup section */

/* Begin XCBuildConfiguration section */
		B2AB4D962111F67A0061A8DB /* Debug */ = {
			isa = XCBuildConfiguration;
			buildSettings = {
				ALWAYS_SEARCH_USER_PATHS = NO;
				CLANG_ANALYZER_LOCALIZABILITY_NONLOCALIZED = YES;
				CLANG_ANALYZER_NONNULL = YES;
				CLANG_ANALYZER_NUMBER_OBJECT_CONVERSION = YES_AGGRESSIVE;
				CLANG_CXX_LANGUAGE_STANDARD = "gnu++14";
				CLANG_CXX_LIBRARY = "libc++";
				CLANG_ENABLE_MODULES = YES;
				CLANG_ENABLE_OBJC_ARC = YES;
				CLANG_ENABLE_OBJC_WEAK = YES;
				CLANG_WARN_BLOCK_CAPTURE_AUTORELEASING = YES;
				CLANG_WARN_BOOL_CONVERSION = YES;
				CLANG_WARN_COMMA = YES;
				CLANG_WARN_CONSTANT_CONVERSION = YES;
				CLANG_WARN_DEPRECATED_OBJC_IMPLEMENTATIONS = YES;
				CLANG_WARN_DIRECT_OBJC_ISA_USAGE = YES_ERROR;
				CLANG_WARN_DOCUMENTATION_COMMENTS = YES;
				CLANG_WARN_EMPTY_BODY = YES;
				CLANG_WARN_ENUM_CONVERSION = YES;
				CLANG_WARN_INFINITE_RECURSION = YES;
				CLANG_WARN_INT_CONVERSION = YES;
				CLANG_WARN_NON_LITERAL_NULL_CONVERSION = YES;
				CLANG_WARN_OBJC_IMPLICIT_RETAIN_SELF = YES;
				CLANG_WARN_OBJC_LITERAL_CONVERSION = YES;
				CLANG_WARN_OBJC_ROOT_CLASS = YES_ERROR;
				CLANG_WARN_RANGE_LOOP_ANALYSIS = YES;
				CLANG_WARN_STRICT_PROTOTYPES = YES;
				CLANG_WARN_SUSPICIOUS_MOVE = YES;
				CLANG_WARN_UNGUARDED_AVAILABILITY = YES_AGGRESSIVE;
				CLANG_WARN_UNREACHABLE_CODE = YES;
				CLANG_WARN__DUPLICATE_METHOD_MATCH = YES;
				CODE_SIGN_IDENTITY = "iPhone Developer";
				COPY_PHASE_STRIP = NO;
				DEBUG_INFORMATION_FORMAT = dwarf;
				ENABLE_STRICT_OBJC_MSGSEND = YES;
				ENABLE_TESTABILITY = YES;
				GCC_C_LANGUAGE_STANDARD = gnu11;
				GCC_DYNAMIC_NO_PIC = NO;
				GCC_NO_COMMON_BLOCKS = YES;
				GCC_OPTIMIZATION_LEVEL = 0;
				GCC_PREPROCESSOR_DEFINITIONS = (
					"DEBUG=1",
					"$(inherited)",
				);
				GCC_WARN_64_TO_32_BIT_CONVERSION = YES;
				GCC_WARN_ABOUT_RETURN_TYPE = YES_ERROR;
				GCC_WARN_UNDECLARED_SELECTOR = YES;
				GCC_WARN_UNINITIALIZED_AUTOS = YES_AGGRESSIVE;
				GCC_WARN_UNUSED_FUNCTION = YES;
				GCC_WARN_UNUSED_VARIABLE = YES;
				IPHONEOS_DEPLOYMENT_TARGET = 11.4;
				MTL_ENABLE_DEBUG_INFO = YES;
				ONLY_ACTIVE_ARCH = YES;
				SDKROOT = iphoneos;
			};
			name = Debug;
		};
		B2AB4D972111F67A0061A8DB /* Release */ = {
			isa = XCBuildConfiguration;
			buildSettings = {
				ALWAYS_SEARCH_USER_PATHS = NO;
				CLANG_ANALYZER_LOCALIZABILITY_NONLOCALIZED = YES;
				CLANG_ANALYZER_NONNULL = YES;
				CLANG_ANALYZER_NUMBER_OBJECT_CONVERSION = YES_AGGRESSIVE;
				CLANG_CXX_LANGUAGE_STANDARD = "gnu++14";
				CLANG_CXX_LIBRARY = "libc++";
				CLANG_ENABLE_MODULES = YES;
				CLANG_ENABLE_OBJC_ARC = YES;
				CLANG_ENABLE_OBJC_WEAK = YES;
				CLANG_WARN_BLOCK_CAPTURE_AUTORELEASING = YES;
				CLANG_WARN_BOOL_CONVERSION = YES;
				CLANG_WARN_COMMA = YES;
				CLANG_WARN_CONSTANT_CONVERSION = YES;
				CLANG_WARN_DEPRECATED_OBJC_IMPLEMENTATIONS = YES;
				CLANG_WARN_DIRECT_OBJC_ISA_USAGE = YES_ERROR;
				CLANG_WARN_DOCUMENTATION_COMMENTS = YES;
				CLANG_WARN_EMPTY_BODY = YES;
				CLANG_WARN_ENUM_CONVERSION = YES;
				CLANG_WARN_INFINITE_RECURSION = YES;
				CLANG_WARN_INT_CONVERSION = YES;
				CLANG_WARN_NON_LITERAL_NULL_CONVERSION = YES;
				CLANG_WARN_OBJC_IMPLICIT_RETAIN_SELF = YES;
				CLANG_WARN_OBJC_LITERAL_CONVERSION = YES;
				CLANG_WARN_OBJC_ROOT_CLASS = YES_ERROR;
				CLANG_WARN_RANGE_LOOP_ANALYSIS = YES;
				CLANG_WARN_STRICT_PROTOTYPES = YES;
				CLANG_WARN_SUSPICIOUS_MOVE = YES;
				CLANG_WARN_UNGUARDED_AVAILABILITY = YES_AGGRESSIVE;
				CLANG_WARN_UNREACHABLE_CODE = YES;
				CLANG_WARN__DUPLICATE_METHOD_MATCH = YES;
				CODE_SIGN_IDENTITY = "iPhone Developer";
				COPY_PHASE_STRIP = NO;
				DEBUG_INFORMATION_FORMAT = "dwarf-with-dsym";
				ENABLE_NS_ASSERTIONS = NO;
				ENABLE_STRICT_OBJC_MSGSEND = YES;
				GCC_C_LANGUAGE_STANDARD = gnu11;
				GCC_NO_COMMON_BLOCKS = YES;
				GCC_WARN_64_TO_32_BIT_CONVERSION = YES;
				GCC_WARN_ABOUT_RETURN_TYPE = YES_ERROR;
				GCC_WARN_UNDECLARED_SELECTOR = YES;
				GCC_WARN_UNINITIALIZED_AUTOS = YES_AGGRESSIVE;
				GCC_WARN_UNUSED_FUNCTION = YES;
				GCC_WARN_UNUSED_VARIABLE = YES;
				IPHONEOS_DEPLOYMENT_TARGET = 11.4;
				MTL_ENABLE_DEBUG_INFO = NO;
				SDKROOT = iphoneos;
				VALIDATE_PRODUCT = YES;
			};
			name = Release;
		};
		B2AB4D992111F67A0061A8DB /* Debug */ = {
			isa = XCBuildConfiguration;
			baseConfigurationReference = 6D597A5917A0774BD88F6BC7 /* Pods-RXEMark.debug.xcconfig */;
			buildSettings = {
				ASSETCATALOG_COMPILER_APPICON_NAME = AppIcon;
				ASSETCATALOG_COMPILER_LAUNCHIMAGE_NAME = LaunchImage;
				CODE_SIGN_STYLE = Automatic;
				DEVELOPMENT_TEAM = 8YC5F9T5P6;
				INFOPLIST_FILE = RXEMark/Info.plist;
				IPHONEOS_DEPLOYMENT_TARGET = 8.0;
				LD_RUNPATH_SEARCH_PATHS = (
					"$(inherited)",
					"@executable_path/Frameworks",
				);
				PRODUCT_BUNDLE_IDENTIFIER = pingan.RXEMark;
				PRODUCT_NAME = "$(TARGET_NAME)";
				TARGETED_DEVICE_FAMILY = "1,2";
			};
			name = Debug;
		};
		B2AB4D9A2111F67A0061A8DB /* Release */ = {
			isa = XCBuildConfiguration;
			baseConfigurationReference = 93605CC12A5C82B67B3A44B9 /* Pods-RXEMark.release.xcconfig */;
			buildSettings = {
				ASSETCATALOG_COMPILER_APPICON_NAME = AppIcon;
				ASSETCATALOG_COMPILER_LAUNCHIMAGE_NAME = LaunchImage;
				CODE_SIGN_STYLE = Automatic;
				DEVELOPMENT_TEAM = 8YC5F9T5P6;
				INFOPLIST_FILE = RXEMark/Info.plist;
				IPHONEOS_DEPLOYMENT_TARGET = 8.0;
				LD_RUNPATH_SEARCH_PATHS = (
					"$(inherited)",
					"@executable_path/Frameworks",
				);
				PRODUCT_BUNDLE_IDENTIFIER = pingan.RXEMark;
				PRODUCT_NAME = "$(TARGET_NAME)";
				TARGETED_DEVICE_FAMILY = "1,2";
			};
			name = Release;
		};
/* End XCBuildConfiguration section */

/* Begin XCConfigurationList section */
		B2AB4D7D2111F6780061A8DB /* Build configuration list for PBXProject "RXEMark" */ = {
			isa = XCConfigurationList;
			buildConfigurations = (
				B2AB4D962111F67A0061A8DB /* Debug */,
				B2AB4D972111F67A0061A8DB /* Release */,
			);
			defaultConfigurationIsVisible = 0;
			defaultConfigurationName = Release;
		};
		B2AB4D982111F67A0061A8DB /* Build configuration list for PBXNativeTarget "RXEMark" */ = {
			isa = XCConfigurationList;
			buildConfigurations = (
				B2AB4D992111F67A0061A8DB /* Debug */,
				B2AB4D9A2111F67A0061A8DB /* Release */,
			);
			defaultConfigurationIsVisible = 0;
			defaultConfigurationName = Release;
		};
/* End XCConfigurationList section */
	};
	rootObject = B2AB4D7A2111F6780061A8DB /* Project object */;
}
